
Microsoft Visual Studio Solution File, Format Version 12.00
# Visual Studio Version 16
VisualStudioVersion = 16.0.30523.141
MinimumVisualStudioVersion = 10.0.40219.1
Project("{9A19103F-16F7-4668-BE54-9A1E7A4F7556}") = "PrintSign", "PrintSign.csproj", "{D9F65F6B-CED9-4799-8A06-2C0FA4BDDD8D}"
EndProject
Project("{9A19103F-16F7-4668-BE54-9A1E7A4F7556}") = "TrianglePrint", "..\TrianglePrint\TrianglePrint.csproj", "{8C526EE4-2F16-4EBA-8A21-2D9E89DB3627}"
EndProject
Project("{9A19103F-16F7-4668-BE54-9A1E7A4F7556}") = "AddStrings", "..\AddStringd\AddStrings.csproj", "{3D894970-32BD-45B5-8E39-198F93517049}"
EndProject
Project("{9A19103F-16F7-4668-BE54-9A1E7A4F7556}") = "GreaterValue", "..\GreaterValue\GreaterValue.csproj", "{7190133B-B101-47A4-91E7-52DFF84211BE}"
EndProject
Project("{9A19103F-16F7-4668-BE54-9A1E7A4F7556}") = "MultuplyEvensByOdds", "..\MultuplyEvensByOdds\MultuplyEvensByOdds.csproj", "{DED09A6A-E3F0-4E48-A7C1-9B21EECC7177}"
EndProject
Project("{9A19103F-16F7-4668-BE54-9A1E7A4F7556}") = "MathOperation", "..\MathOperation\MathOperation.csproj", "{7C2E4462-5110-44F5-92B5-86EAD65AD2F0}"
EndProject
Project("{9A19103F-16F7-4668-BE54-9A1E7A4F7556}") = "SmallestOfThreeNumbers", "..\SmallestOfThreeNumbers\SmallestOfThreeNumbers.csproj", "{FF2CB3C2-E59B-4894-9513-75B2E4A1D953}"
EndProject
Project("{9A19103F-16F7-4668-BE54-9A1E7A4F7556}") = "VowelsCount", "..\VowelsCount\VowelsCount.csproj", "{A2C635E7-1245-48CB-ACA3-D4DFD54D0A89}"
EndProject
Project("{9A19103F-16F7-4668-BE54-9A1E7A4F7556}") = "CharsInRange", "..\CharsInRange\CharsInRange.csproj", "{8C0BB7D2-675A-4848-837D-9C8F8EF22D5D}"
EndProject
Project("{9A19103F-16F7-4668-BE54-9A1E7A4F7556}") = "PassValidator", "..\PassValidator\PassValidator.csproj", "{5C389ED5-C1BE-4038-AA6D-B0C254667EB9}"
EndProject
Project("{9A19103F-16F7-4668-BE54-9A1E7A4F7556}") = "AddSubtract", "..\AddSubtract\AddSubtract.csproj", "{300CEE43-7BE7-44CE-863A-C744700AEF7C}"
EndProject
Project("{9A19103F-16F7-4668-BE54-9A1E7A4F7556}") = "MiddleChar", "..\MiddleChar\MiddleChar.csproj", "{BC63D4C2-D971-4F6F-82EB-DC413A299333}"
EndProject
Project("{9A19103F-16F7-4668-BE54-9A1E7A4F7556}") = "MatrixPrint", "..\MatrixPrint\MatrixPrint.csproj", "{D42AD687-0D0B-4C78-A89B-0D7A090A5797}"
EndProject
Project("{9A19103F-16F7-4668-BE54-9A1E7A4F7556}") = "FactorialDivision", "..\FactorialDivision\FactorialDivision.csproj", "{85062CB2-2578-47CD-B2FF-8E220EA20AFD}"
EndProject
Project("{9A19103F-16F7-4668-BE54-9A1E7A4F7556}") = "Palindrome Integers", "..\Palindrome Integers\Palindrome Integers.csproj", "{7EA87AD0-6835-48B9-B7FF-C2934081E7DF}"
EndProject
Project("{9A19103F-16F7-4668-BE54-9A1E7A4F7556}") = "TopNumber", "..\TopNumber\TopNumber.csproj", "{1D0D0C5A-B7D9-4D34-B67B-452EDCA0DBD4}"
EndProject
Project("{9A19103F-16F7-4668-BE54-9A1E7A4F7556}") = "ArrayManipulator", "..\ArrayManipulator\ArrayManipulator.csproj", "{F4CB9231-C413-46D2-9966-3B5CF97365BB}"
EndProject
Project("{9A19103F-16F7-4668-BE54-9A1E7A4F7556}") = "ArrayManipulator2Points", "..\ArrayManipulator2Points\ArrayManipulator2Points.csproj", "{8E9A349D-DE0E-426B-9911-C03A657900EE}"
EndProject
Project("{9A19103F-16F7-4668-BE54-9A1E7A4F7556}") = "DataTypesMore", "..\DataTypesMore\DataTypesMore.csproj", "{BC13E71C-AF4E-4C2B-A1F4-00A9EFAA9B8E}"
EndProject
Project("{9A19103F-16F7-4668-BE54-9A1E7A4F7556}") = "CentrePoint", "..\CentrePoint\CentrePoint.csproj", "{760911EB-9A83-4151-9367-2ED3A8050E9D}"
EndProject
Project("{9A19103F-16F7-4668-BE54-9A1E7A4F7556}") = "LongerLine", "..\LongerLine\LongerLine.csproj", "{E976E178-2ABA-4204-966C-1C19BAD97328}"
EndProject
Project("{9A19103F-16F7-4668-BE54-9A1E7A4F7556}") = "TribonacciSequence", "..\TribonacciSequence\TribonacciSequence.csproj", "{B2660C92-EF27-44AE-B03E-83EBE57E7116}"
EndProject
Project("{9A19103F-16F7-4668-BE54-9A1E7A4F7556}") = "MultiplicationSign", "..\MultiplicationSign\MultiplicationSign.csproj", "{34FB68CC-E6B5-468F-9DD1-8366ECDCF90D}"
EndProject
Project("{FAE04EC0-301F-11D3-BF4B-00C04F79EFBC}") = "ExerciseMethods", "..\ExerciseMethods\ExerciseMethods.csproj", "{7AE65E14-1B7B-4557-A1C7-D697A615C598}"
EndProject
Global
	GlobalSection(SolutionConfigurationPlatforms) = preSolution
		Debug|Any CPU = Debug|Any CPU
		Release|Any CPU = Release|Any CPU
	EndGlobalSection
	GlobalSection(ProjectConfigurationPlatforms) = postSolution
		{D9F65F6B-CED9-4799-8A06-2C0FA4BDDD8D}.Debug|Any CPU.ActiveCfg = Debug|Any CPU
		{D9F65F6B-CED9-4799-8A06-2C0FA4BDDD8D}.Debug|Any CPU.Build.0 = Debug|Any CPU
		{D9F65F6B-CED9-4799-8A06-2C0FA4BDDD8D}.Release|Any CPU.ActiveCfg = Release|Any CPU
		{D9F65F6B-CED9-4799-8A06-2C0FA4BDDD8D}.Release|Any CPU.Build.0 = Release|Any CPU
		{8C526EE4-2F16-4EBA-8A21-2D9E89DB3627}.Debug|Any CPU.ActiveCfg = Debug|Any CPU
		{8C526EE4-2F16-4EBA-8A21-2D9E89DB3627}.Debug|Any CPU.Build.0 = Debug|Any CPU
		{8C526EE4-2F16-4EBA-8A21-2D9E89DB3627}.Release|Any CPU.ActiveCfg = Release|Any CPU
		{8C526EE4-2F16-4EBA-8A21-2D9E89DB3627}.Release|Any CPU.Build.0 = Release|Any CPU
		{3D894970-32BD-45B5-8E39-198F93517049}.Debug|Any CPU.ActiveCfg = Debug|Any CPU
		{3D894970-32BD-45B5-8E39-198F93517049}.Debug|Any CPU.Build.0 = Debug|Any CPU
		{3D894970-32BD-45B5-8E39-198F93517049}.Release|Any CPU.ActiveCfg = Release|Any CPU
		{3D894970-32BD-45B5-8E39-198F93517049}.Release|Any CPU.Build.0 = Release|Any CPU
		{7190133B-B101-47A4-91E7-52DFF84211BE}.Debug|Any CPU.ActiveCfg = Debug|Any CPU
		{7190133B-B101-47A4-91E7-52DFF84211BE}.Debug|Any CPU.Build.0 = Debug|Any CPU
		{7190133B-B101-47A4-91E7-52DFF84211BE}.Release|Any CPU.ActiveCfg = Release|Any CPU
		{7190133B-B101-47A4-91E7-52DFF84211BE}.Release|Any CPU.Build.0 = Release|Any CPU
		{DED09A6A-E3F0-4E48-A7C1-9B21EECC7177}.Debug|Any CPU.ActiveCfg = Debug|Any CPU
		{DED09A6A-E3F0-4E48-A7C1-9B21EECC7177}.Debug|Any CPU.Build.0 = Debug|Any CPU
		{DED09A6A-E3F0-4E48-A7C1-9B21EECC7177}.Release|Any CPU.ActiveCfg = Release|Any CPU
		{DED09A6A-E3F0-4E48-A7C1-9B21EECC7177}.Release|Any CPU.Build.0 = Release|Any CPU
		{7C2E4462-5110-44F5-92B5-86EAD65AD2F0}.Debug|Any CPU.ActiveCfg = Debug|Any CPU
		{7C2E4462-5110-44F5-92B5-86EAD65AD2F0}.Debug|Any CPU.Build.0 = Debug|Any CPU
		{7C2E4462-5110-44F5-92B5-86EAD65AD2F0}.Release|Any CPU.ActiveCfg = Release|Any CPU
		{7C2E4462-5110-44F5-92B5-86EAD65AD2F0}.Release|Any CPU.Build.0 = Release|Any CPU
		{FF2CB3C2-E59B-4894-9513-75B2E4A1D953}.Debug|Any CPU.ActiveCfg = Debug|Any CPU
		{FF2CB3C2-E59B-4894-9513-75B2E4A1D953}.Debug|Any CPU.Build.0 = Debug|Any CPU
		{FF2CB3C2-E59B-4894-9513-75B2E4A1D953}.Release|Any CPU.ActiveCfg = Release|Any CPU
		{FF2CB3C2-E59B-4894-9513-75B2E4A1D953}.Release|Any CPU.Build.0 = Release|Any CPU
		{A2C635E7-1245-48CB-ACA3-D4DFD54D0A89}.Debug|Any CPU.ActiveCfg = Debug|Any CPU
		{A2C635E7-1245-48CB-ACA3-D4DFD54D0A89}.Debug|Any CPU.Build.0 = Debug|Any CPU
		{A2C635E7-1245-48CB-ACA3-D4DFD54D0A89}.Release|Any CPU.ActiveCfg = Release|Any CPU
		{A2C635E7-1245-48CB-ACA3-D4DFD54D0A89}.Release|Any CPU.Build.0 = Release|Any CPU
		{8C0BB7D2-675A-4848-837D-9C8F8EF22D5D}.Debug|Any CPU.ActiveCfg = Debug|Any CPU
		{8C0BB7D2-675A-4848-837D-9C8F8EF22D5D}.Debug|Any CPU.Build.0 = Debug|Any CPU
		{8C0BB7D2-675A-4848-837D-9C8F8EF22D5D}.Release|Any CPU.ActiveCfg = Release|Any CPU
		{8C0BB7D2-675A-4848-837D-9C8F8EF22D5D}.Release|Any CPU.Build.0 = Release|Any CPU
		{5C389ED5-C1BE-4038-AA6D-B0C254667EB9}.Debug|Any CPU.ActiveCfg = Debug|Any CPU
		{5C389ED5-C1BE-4038-AA6D-B0C254667EB9}.Debug|Any CPU.Build.0 = Debug|Any CPU
		{5C389ED5-C1BE-4038-AA6D-B0C254667EB9}.Release|Any CPU.ActiveCfg = Release|Any CPU
		{5C389ED5-C1BE-4038-AA6D-B0C254667EB9}.Release|Any CPU.Build.0 = Release|Any CPU
		{300CEE43-7BE7-44CE-863A-C744700AEF7C}.Debug|Any CPU.ActiveCfg = Debug|Any CPU
		{300CEE43-7BE7-44CE-863A-C744700AEF7C}.Debug|Any CPU.Build.0 = Debug|Any CPU
		{300CEE43-7BE7-44CE-863A-C744700AEF7C}.Release|Any CPU.ActiveCfg = Release|Any CPU
		{300CEE43-7BE7-44CE-863A-C744700AEF7C}.Release|Any CPU.Build.0 = Release|Any CPU
		{BC63D4C2-D971-4F6F-82EB-DC413A299333}.Debug|Any CPU.ActiveCfg = Debug|Any CPU
		{BC63D4C2-D971-4F6F-82EB-DC413A299333}.Debug|Any CPU.Build.0 = Debug|Any CPU
		{BC63D4C2-D971-4F6F-82EB-DC413A299333}.Release|Any CPU.ActiveCfg = Release|Any CPU
		{BC63D4C2-D971-4F6F-82EB-DC413A299333}.Release|Any CPU.Build.0 = Release|Any CPU
		{D42AD687-0D0B-4C78-A89B-0D7A090A5797}.Debug|Any CPU.ActiveCfg = Debug|Any CPU
		{D42AD687-0D0B-4C78-A89B-0D7A090A5797}.Debug|Any CPU.Build.0 = Debug|Any CPU
		{D42AD687-0D0B-4C78-A89B-0D7A090A5797}.Release|Any CPU.ActiveCfg = Release|Any CPU
		{D42AD687-0D0B-4C78-A89B-0D7A090A5797}.Release|Any CPU.Build.0 = Release|Any CPU
		{85062CB2-2578-47CD-B2FF-8E220EA20AFD}.Debug|Any CPU.ActiveCfg = Debug|Any CPU
		{85062CB2-2578-47CD-B2FF-8E220EA20AFD}.Debug|Any CPU.Build.0 = Debug|Any CPU
		{85062CB2-2578-47CD-B2FF-8E220EA20AFD}.Release|Any CPU.ActiveCfg = Release|Any CPU
		{85062CB2-2578-47CD-B2FF-8E220EA20AFD}.Release|Any CPU.Build.0 = Release|Any CPU
		{7EA87AD0-6835-48B9-B7FF-C2934081E7DF}.Debug|Any CPU.ActiveCfg = Debug|Any CPU
		{7EA87AD0-6835-48B9-B7FF-C2934081E7DF}.Debug|Any CPU.Build.0 = Debug|Any CPU
		{7EA87AD0-6835-48B9-B7FF-C2934081E7DF}.Release|Any CPU.ActiveCfg = Release|Any CPU
		{7EA87AD0-6835-48B9-B7FF-C2934081E7DF}.Release|Any CPU.Build.0 = Release|Any CPU
		{1D0D0C5A-B7D9-4D34-B67B-452EDCA0DBD4}.Debug|Any CPU.ActiveCfg = Debug|Any CPU
		{1D0D0C5A-B7D9-4D34-B67B-452EDCA0DBD4}.Debug|Any CPU.Build.0 = Debug|Any CPU
		{1D0D0C5A-B7D9-4D34-B67B-452EDCA0DBD4}.Release|Any CPU.ActiveCfg = Release|Any CPU
		{1D0D0C5A-B7D9-4D34-B67B-452EDCA0DBD4}.Release|Any CPU.Build.0 = Release|Any CPU
		{F4CB9231-C413-46D2-9966-3B5CF97365BB}.Debug|Any CPU.ActiveCfg = Debug|Any CPU
		{F4CB9231-C413-46D2-9966-3B5CF97365BB}.Debug|Any CPU.Build.0 = Debug|Any CPU
		{F4CB9231-C413-46D2-9966-3B5CF97365BB}.Release|Any CPU.ActiveCfg = Release|Any CPU
		{F4CB9231-C413-46D2-9966-3B5CF97365BB}.Release|Any CPU.Build.0 = Release|Any CPU
		{8E9A349D-DE0E-426B-9911-C03A657900EE}.Debug|Any CPU.ActiveCfg = Debug|Any CPU
		{8E9A349D-DE0E-426B-9911-C03A657900EE}.Debug|Any CPU.Build.0 = Debug|Any CPU
		{8E9A349D-DE0E-426B-9911-C03A657900EE}.Release|Any CPU.ActiveCfg = Release|Any CPU
		{8E9A349D-DE0E-426B-9911-C03A657900EE}.Release|Any CPU.Build.0 = Release|Any CPU
		{BC13E71C-AF4E-4C2B-A1F4-00A9EFAA9B8E}.Debug|Any CPU.ActiveCfg = Debug|Any CPU
		{BC13E71C-AF4E-4C2B-A1F4-00A9EFAA9B8E}.Debug|Any CPU.Build.0 = Debug|Any CPU
		{BC13E71C-AF4E-4C2B-A1F4-00A9EFAA9B8E}.Release|Any CPU.ActiveCfg = Release|Any CPU
		{BC13E71C-AF4E-4C2B-A1F4-00A9EFAA9B8E}.Release|Any CPU.Build.0 = Release|Any CPU
		{760911EB-9A83-4151-9367-2ED3A8050E9D}.Debug|Any CPU.ActiveCfg = Debug|Any CPU
		{760911EB-9A83-4151-9367-2ED3A8050E9D}.Debug|Any CPU.Build.0 = Debug|Any CPU
		{760911EB-9A83-4151-9367-2ED3A8050E9D}.Release|Any CPU.ActiveCfg = Release|Any CPU
		{760911EB-9A83-4151-9367-2ED3A8050E9D}.Release|Any CPU.Build.0 = Release|Any CPU
		{E976E178-2ABA-4204-966C-1C19BAD97328}.Debug|Any CPU.ActiveCfg = Debug|Any CPU
		{E976E178-2ABA-4204-966C-1C19BAD97328}.Debug|Any CPU.Build.0 = Debug|Any CPU
		{E976E178-2ABA-4204-966C-1C19BAD97328}.Release|Any CPU.ActiveCfg = Release|Any CPU
		{E976E178-2ABA-4204-966C-1C19BAD97328}.Release|Any CPU.Build.0 = Release|Any CPU
		{B2660C92-EF27-44AE-B03E-83EBE57E7116}.Debug|Any CPU.ActiveCfg = Debug|Any CPU
		{B2660C92-EF27-44AE-B03E-83EBE57E7116}.Debug|Any CPU.Build.0 = Debug|Any CPU
		{B2660C92-EF27-44AE-B03E-83EBE57E7116}.Release|Any CPU.ActiveCfg = Release|Any CPU
		{B2660C92-EF27-44AE-B03E-83EBE57E7116}.Release|Any CPU.Build.0 = Release|Any CPU
		{34FB68CC-E6B5-468F-9DD1-8366ECDCF90D}.Debug|Any CPU.ActiveCfg = Debug|Any CPU
		{34FB68CC-E6B5-468F-9DD1-8366ECDCF90D}.Debug|Any CPU.Build.0 = Debug|Any CPU
		{34FB68CC-E6B5-468F-9DD1-8366ECDCF90D}.Release|Any CPU.ActiveCfg = Release|Any CPU
		{34FB68CC-E6B5-468F-9DD1-8366ECDCF90D}.Release|Any CPU.Build.0 = Release|Any CPU
		{7AE65E14-1B7B-4557-A1C7-D697A615C598}.Debug|Any CPU.ActiveCfg = Debug|Any CPU
		{7AE65E14-1B7B-4557-A1C7-D697A615C598}.Debug|Any CPU.Build.0 = Debug|Any CPU
		{7AE65E14-1B7B-4557-A1C7-D697A615C598}.Release|Any CPU.ActiveCfg = Release|Any CPU
		{7AE65E14-1B7B-4557-A1C7-D697A615C598}.Release|Any CPU.Build.0 = Release|Any CPU
	EndGlobalSection
	GlobalSection(SolutionProperties) = preSolution
		HideSolutionNode = FALSE
	EndGlobalSection
	GlobalSection(ExtensibilityGlobals) = postSolution
		SolutionGuid = {EDA0BF67-AEF0-44AA-89F5-5FC23016F4E9}
	EndGlobalSection
EndGlobal
